
Microsoft Visual Studio Solution File, Format Version 12.00
# Visual Studio Version 16
VisualStudioVersion = 16.0.30011.22
MinimumVisualStudioVersion = 10.0.40219.1
Project("{9A19103F-16F7-4668-BE54-9A1E7A4F7556}") = "MongoDBCRUDWebAPICore", "MongoDBCRUDWebAPICore.csproj", "{C2D64029-A5C2-4213-A1A9-A9366EBC448A}"
EndProject
Project("{9A19103F-16F7-4668-BE54-9A1E7A4F7556}") = "LiveCovidTrackerWebApp", "..\LiveCovidTrackerWebApp\LiveCovidTrackerWebApp.csproj", "{3E3F8C1F-F31F-4D06-9301-753FD54186EB}"
EndProject
Global
	GlobalSection(SolutionConfigurationPlatforms) = preSolution
		Debug|Any CPU = Debug|Any CPU
		Release|Any CPU = Release|Any CPU
	EndGlobalSection
	GlobalSection(ProjectConfigurationPlatforms) = postSolution
		{C2D64029-A5C2-4213-A1A9-A9366EBC448A}.Debug|Any CPU.ActiveCfg = Debug|Any CPU
		{C2D64029-A5C2-4213-A1A9-A9366EBC448A}.Debug|Any CPU.Build.0 = Debug|Any CPU
		{C2D64029-A5C2-4213-A1A9-A9366EBC448A}.Release|Any CPU.ActiveCfg = Release|Any CPU
		{C2D64029-A5C2-4213-A1A9-A9366EBC448A}.Release|Any CPU.Build.0 = Release|Any CPU
		{3E3F8C1F-F31F-4D06-9301-753FD54186EB}.Debug|Any CPU.ActiveCfg = Debug|Any CPU
		{3E3F8C1F-F31F-4D06-9301-753FD54186EB}.Debug|Any CPU.Build.0 = Debug|Any CPU
		{3E3F8C1F-F31F-4D06-9301-753FD54186EB}.Release|Any CPU.ActiveCfg = Release|Any CPU
		{3E3F8C1F-F31F-4D06-9301-753FD54186EB}.Release|Any CPU.Build.0 = Release|Any CPU
	EndGlobalSection
	GlobalSection(SolutionProperties) = preSolution
		HideSolutionNode = FALSE
	EndGlobalSection
	GlobalSection(ExtensibilityGlobals) = postSolution
		SolutionGuid = {161C75D2-F232-40AE-9E8F-B38942F00F3C}
	EndGlobalSection
EndGlobal
